
Microsoft Visual Studio Solution File, Format Version 12.00
# Visual Studio Version 16
VisualStudioVersion = 25.0.1705.7
MinimumVisualStudioVersion = 10.0.40219.1
Project("{FAE04EC0-301F-11D3-BF4B-00C04F79EFBC}") = "DempApp.Web", "DempApp.Web\DempApp.Web.csproj", "{B0ED7C6F-4FDF-4E95-8449-02664F22514C}"
EndProject
Project("{FAE04EC0-301F-11D3-BF4B-00C04F79EFBC}") = "DemoApp.Test", "DemoApp.Test\DemoApp.Test.csproj", "{19BC1217-4A89-4DE0-A34F-F4EAAF95ECB9}"
EndProject
Global
	GlobalSection(SolutionConfigurationPlatforms) = preSolution
		Debug|Any CPU = Debug|Any CPU
		Release|Any CPU = Release|Any CPU
	EndGlobalSection
	GlobalSection(ProjectConfigurationPlatforms) = postSolution
		{B0ED7C6F-4FDF-4E95-8449-02664F22514C}.Debug|Any CPU.ActiveCfg = Debug|Any CPU
		{B0ED7C6F-4FDF-4E95-8449-02664F22514C}.Debug|Any CPU.Build.0 = Debug|Any CPU
		{B0ED7C6F-4FDF-4E95-8449-02664F22514C}.Release|Any CPU.ActiveCfg = Release|Any CPU
		{B0ED7C6F-4FDF-4E95-8449-02664F22514C}.Release|Any CPU.Build.0 = Release|Any CPU
		{19BC1217-4A89-4DE0-A34F-F4EAAF95ECB9}.Debug|Any CPU.ActiveCfg = Debug|Any CPU
		{19BC1217-4A89-4DE0-A34F-F4EAAF95ECB9}.Debug|Any CPU.Build.0 = Debug|Any CPU
		{19BC1217-4A89-4DE0-A34F-F4EAAF95ECB9}.Release|Any CPU.ActiveCfg = Release|Any CPU
		{19BC1217-4A89-4DE0-A34F-F4EAAF95ECB9}.Release|Any CPU.Build.0 = Release|Any CPU
	EndGlobalSection
	GlobalSection(SolutionProperties) = preSolution
		HideSolutionNode = FALSE
	EndGlobalSection
	GlobalSection(ExtensibilityGlobals) = postSolution
		SolutionGuid = {0A90DD54-6E8A-4BE2-B511-9B0EBD3F6516}
	EndGlobalSection
EndGlobal
